
Microsoft Visual Studio Solution File, Format Version 12.00
# Visual Studio 15
VisualStudioVersion = 15.0.27428.2015
MinimumVisualStudioVersion = 10.0.40219.1
Project("{FAE04EC0-301F-11D3-BF4B-00C04F79EFBC}") = "from0312to0329_Review", "from0312to0329_Review\from0312to0329_Review.csproj", "{2D65508E-D8B4-4CDA-9787-14B17314B8F3}"
EndProject
Global
	GlobalSection(SolutionConfigurationPlatforms) = preSolution
		Debug|Any CPU = Debug|Any CPU
		Release|Any CPU = Release|Any CPU
	EndGlobalSection
	GlobalSection(ProjectConfigurationPlatforms) = postSolution
		{2D65508E-D8B4-4CDA-9787-14B17314B8F3}.Debug|Any CPU.ActiveCfg = Debug|Any CPU
		{2D65508E-D8B4-4CDA-9787-14B17314B8F3}.Debug|Any CPU.Build.0 = Debug|Any CPU
		{2D65508E-D8B4-4CDA-9787-14B17314B8F3}.Release|Any CPU.ActiveCfg = Release|Any CPU
		{2D65508E-D8B4-4CDA-9787-14B17314B8F3}.Release|Any CPU.Build.0 = Release|Any CPU
	EndGlobalSection
	GlobalSection(SolutionProperties) = preSolution
		HideSolutionNode = FALSE
	EndGlobalSection
	GlobalSection(ExtensibilityGlobals) = postSolution
		SolutionGuid = {9A92D91E-0205-44AC-9214-0A73F79FBA57}
	EndGlobalSection
EndGlobal
